
Microsoft Visual Studio Solution File, Format Version 12.00
# Visual Studio Version 17
VisualStudioVersion = 17.4.33213.308
MinimumVisualStudioVersion = 10.0.40219.1
Project("{FAE04EC0-301F-11D3-BF4B-00C04F79EFBC}") = "Healthcare.Api", "Healthcare.Api\Healthcare.Api.csproj", "{99D682FA-0179-4227-8A75-70795D810D24}"
EndProject
Project("{FAE04EC0-301F-11D3-BF4B-00C04F79EFBC}") = "Healthcare.Api.Core", "Healthcare.Api.Core\Healthcare.Api.Core.csproj", "{ABB77ACA-5FB5-4720-8D6C-B5C58149584C}"
EndProject
Project("{FAE04EC0-301F-11D3-BF4B-00C04F79EFBC}") = "Healthcare.Api.Repository", "Healthcare.Api.Repository\Healthcare.Api.Repository.csproj", "{8B570202-6880-4542-8876-640F6AF1589B}"
EndProject
Project("{FAE04EC0-301F-11D3-BF4B-00C04F79EFBC}") = "Healthcare.Api.Service", "Healthcare.Api.Service\Healthcare.Api.Service.csproj", "{998BE734-97A0-452D-8A46-9A91A3AC72B4}"
EndProject
Global
	GlobalSection(SolutionConfigurationPlatforms) = preSolution
		Debug|Any CPU = Debug|Any CPU
		Release|Any CPU = Release|Any CPU
	EndGlobalSection
	GlobalSection(ProjectConfigurationPlatforms) = postSolution
		{99D682FA-0179-4227-8A75-70795D810D24}.Debug|Any CPU.ActiveCfg = Debug|Any CPU
		{99D682FA-0179-4227-8A75-70795D810D24}.Debug|Any CPU.Build.0 = Debug|Any CPU
		{99D682FA-0179-4227-8A75-70795D810D24}.Release|Any CPU.ActiveCfg = Release|Any CPU
		{99D682FA-0179-4227-8A75-70795D810D24}.Release|Any CPU.Build.0 = Release|Any CPU
		{ABB77ACA-5FB5-4720-8D6C-B5C58149584C}.Debug|Any CPU.ActiveCfg = Debug|Any CPU
		{ABB77ACA-5FB5-4720-8D6C-B5C58149584C}.Debug|Any CPU.Build.0 = Debug|Any CPU
		{ABB77ACA-5FB5-4720-8D6C-B5C58149584C}.Release|Any CPU.ActiveCfg = Release|Any CPU
		{ABB77ACA-5FB5-4720-8D6C-B5C58149584C}.Release|Any CPU.Build.0 = Release|Any CPU
		{8B570202-6880-4542-8876-640F6AF1589B}.Debug|Any CPU.ActiveCfg = Debug|Any CPU
		{8B570202-6880-4542-8876-640F6AF1589B}.Debug|Any CPU.Build.0 = Debug|Any CPU
		{8B570202-6880-4542-8876-640F6AF1589B}.Release|Any CPU.ActiveCfg = Release|Any CPU
		{8B570202-6880-4542-8876-640F6AF1589B}.Release|Any CPU.Build.0 = Release|Any CPU
		{998BE734-97A0-452D-8A46-9A91A3AC72B4}.Debug|Any CPU.ActiveCfg = Debug|Any CPU
		{998BE734-97A0-452D-8A46-9A91A3AC72B4}.Debug|Any CPU.Build.0 = Debug|Any CPU
		{998BE734-97A0-452D-8A46-9A91A3AC72B4}.Release|Any CPU.ActiveCfg = Release|Any CPU
		{998BE734-97A0-452D-8A46-9A91A3AC72B4}.Release|Any CPU.Build.0 = Release|Any CPU
	EndGlobalSection
	GlobalSection(SolutionProperties) = preSolution
		HideSolutionNode = FALSE
	EndGlobalSection
	GlobalSection(ExtensibilityGlobals) = postSolution
		SolutionGuid = {FE7C2D25-2437-4986-AC92-52515E79B27B}
	EndGlobalSection
EndGlobal
